
Microsoft Visual Studio Solution File, Format Version 12.00
# Visual Studio Version 17
VisualStudioVersion = 17.11.35222.181
MinimumVisualStudioVersion = 10.0.40219.1
Project("{8BC9CEB8-8B4A-11D0-8D11-00A0C91BC942}") = "LR_3.1", "LR_3.1\LR_3.1.vcxproj", "{3D9E0E44-76AE-409A-9F1B-F42B4CF238CF}"
EndProject
Global
	GlobalSection(SolutionConfigurationPlatforms) = preSolution
		Debug|x64 = Debug|x64
		Debug|x86 = Debug|x86
		Release|x64 = Release|x64
		Release|x86 = Release|x86
	EndGlobalSection
	GlobalSection(ProjectConfigurationPlatforms) = postSolution
		{3D9E0E44-76AE-409A-9F1B-F42B4CF238CF}.Debug|x64.ActiveCfg = Debug|x64
		{3D9E0E44-76AE-409A-9F1B-F42B4CF238CF}.Debug|x64.Build.0 = Debug|x64
		{3D9E0E44-76AE-409A-9F1B-F42B4CF238CF}.Debug|x86.ActiveCfg = Debug|Win32
		{3D9E0E44-76AE-409A-9F1B-F42B4CF238CF}.Debug|x86.Build.0 = Debug|Win32
		{3D9E0E44-76AE-409A-9F1B-F42B4CF238CF}.Release|x64.ActiveCfg = Release|x64
		{3D9E0E44-76AE-409A-9F1B-F42B4CF238CF}.Release|x64.Build.0 = Release|x64
		{3D9E0E44-76AE-409A-9F1B-F42B4CF238CF}.Release|x86.ActiveCfg = Release|Win32
		{3D9E0E44-76AE-409A-9F1B-F42B4CF238CF}.Release|x86.Build.0 = Release|Win32
	EndGlobalSection
	GlobalSection(SolutionProperties) = preSolution
		HideSolutionNode = FALSE
	EndGlobalSection
	GlobalSection(ExtensibilityGlobals) = postSolution
		SolutionGuid = {0F91D36C-FAC7-4EBC-AE9F-12FF51019107}
	EndGlobalSection
EndGlobal
